
Microsoft Visual Studio Solution File, Format Version 12.00
# Visual Studio Version 16
VisualStudioVersion = 25.0.1706.8
MinimumVisualStudioVersion = 10.0.40219.1
Project("{FAE04EC0-301F-11D3-BF4B-00C04F79EFBC}") = "SystemLosowania", "SystemLosowania\SystemLosowania.csproj", "{5CB3C6B2-7DFD-47C3-A500-64BD2FE4E630}"
EndProject
Global
	GlobalSection(SolutionConfigurationPlatforms) = preSolution
		Debug|Any CPU = Debug|Any CPU
		Release|Any CPU = Release|Any CPU
	EndGlobalSection
	GlobalSection(ProjectConfigurationPlatforms) = postSolution
		{5CB3C6B2-7DFD-47C3-A500-64BD2FE4E630}.Debug|Any CPU.ActiveCfg = Debug|Any CPU
		{5CB3C6B2-7DFD-47C3-A500-64BD2FE4E630}.Debug|Any CPU.Build.0 = Debug|Any CPU
		{5CB3C6B2-7DFD-47C3-A500-64BD2FE4E630}.Release|Any CPU.ActiveCfg = Release|Any CPU
		{5CB3C6B2-7DFD-47C3-A500-64BD2FE4E630}.Release|Any CPU.Build.0 = Release|Any CPU
	EndGlobalSection
	GlobalSection(SolutionProperties) = preSolution
		HideSolutionNode = FALSE
	EndGlobalSection
	GlobalSection(ExtensibilityGlobals) = postSolution
		SolutionGuid = {91439795-8BE6-4440-BCCD-9EACFB0803F2}
	EndGlobalSection
	GlobalSection(MonoDevelopProperties) = preSolution
		Policies = $0
		$0.DotNetNamingPolicy = $1
		$1.DirectoryNamespaceAssociation = PrefixedHierarchical
		$0.TextStylePolicy = $2
		$2.inheritsSet = null
		$2.scope = application/xaml
		$0.XmlFormattingPolicy = $3
		$3.inheritsSet = null
		$3.scope = application/xaml
		$0.TextStylePolicy = $4
		$4.FileWidth = 80
		$4.TabsToSpaces = True
		$4.scope = text/plain
	EndGlobalSection
EndGlobal
